# THIS IS AN AUTOGENERATED FILE. DO NOT EDIT THIS FILE DIRECTLY.
# yarn lockfile v1


"@types/semver@^7.1.0":
  version "7.3.6"
  resolved "https://registry.yarnpkg.com/@types/semver/-/semver-7.3.6.tgz#e9831776f4512a7ba6da53e71c26e5fb67882d63"
  integrity sha512-0caWDWmpCp0uifxFh+FaqK3CuZ2SkRR/ZRxAV5+zNdC3QVUi6wyOJnefhPvtNt8NQWXB5OA93BUvZsXpWat2Xw==

axios@^0.21.1:
  version "0.21.1"
  resolved "https://registry.yarnpkg.com/axios/-/axios-0.21.1.tgz#22563481962f4d6bde9a76d516ef0e5d3c09b2b8"
  integrity sha512-dKQiRHxGD9PPRIUNIWvZhPTPpl1rf/OxTYKsqKUDjBwYylTvV7SjSHJb9ratfyzM6wCdLCOYLzs73qpg5c4iGA==
  dependencies:
    follow-redirects "^1.10.0"

follow-redirects@^1.10.0:
  version "1.13.1"
  resolved "https://registry.yarnpkg.com/follow-redirects/-/follow-redirects-1.13.1.tgz#5f69b813376cee4fd0474a3aba835df04ab763b7"
  integrity sha512-SSG5xmZh1mkPGyKzjZP8zLjltIfpW32Y5QpdNJyjcfGxK3qo3NDDkZOZSFiGn1A6SclQxY9GzEwAHQ3dmYRWpg==

lru-cache@^7.4.0:
  version "7.7.3"
  resolved "https://registry.yarnpkg.com/lru-cache/-/lru-cache-7.7.3.tgz#98cd19eef89ce6a4a3c4502c17c833888677c252"
  integrity sha512-WY9wjJNQt9+PZilnLbuFKM+SwDull9+6IAguOrarOMoOHTcJ9GnXSO11+Gw6c7xtDkBkthR57OZMtZKYr+1CEw==

semver@^7.1.1:
  version "7.3.6"
  resolved "https://registry.yarnpkg.com/semver/-/semver-7.3.6.tgz#5d73886fb9c0c6602e79440b97165c29581cbb2b"
  integrity sha512-HZWqcgwLsjaX1HBD31msI/rXktuIhS+lWvdE4kN9z+8IVT4Itc7vqU2WvYsyD6/sjYCt4dEKH/m1M3dwI9CC5w==
  dependencies:
    lru-cache "^7.4.0"
